
Microsoft Visual Studio Solution File, Format Version 12.00
# Visual Studio 14
VisualStudioVersion = 14.0.25420.1
MinimumVisualStudioVersion = 10.0.40219.1
Project("{FAE04EC0-301F-11D3-BF4B-00C04F79EFBC}") = "WebApi", "WebApi\WebApi.csproj", "{92F7723B-25DC-41A9-B33A-5804885BF2B0}"
EndProject
Project("{FAE04EC0-301F-11D3-BF4B-00C04F79EFBC}") = "WebApi.Services", "WebApi.Services\WebApi.Services.csproj", "{3517279F-0ED1-4592-9D18-3989C93EB0E5}"
EndProject
Project("{FAE04EC0-301F-11D3-BF4B-00C04F79EFBC}") = "WebApi.Services.Iplm", "WebApi.Serices.Iplm\WebApi.Services.Iplm.csproj", "{F8532C28-1FB6-412D-AA53-1022437D045E}"
EndProject
Project("{FAE04EC0-301F-11D3-BF4B-00C04F79EFBC}") = "WebApi.Repositories", "WebApi.Repositories\WebApi.Repositories.csproj", "{01A15DED-664E-4E0B-986F-BBE4554C0EC8}"
EndProject
Project("{FAE04EC0-301F-11D3-BF4B-00C04F79EFBC}") = "WebApi.Repositories.Impl", "WebApi.Repositories.Impl\WebApi.Repositories.Impl.csproj", "{C801650C-E287-4955-B044-4FCB06646249}"
EndProject
Project("{FAE04EC0-301F-11D3-BF4B-00C04F79EFBC}") = "WebApi.MyDbContext", "WebApi.MyDbContext\WebApi.MyDbContext.csproj", "{88A2589B-E4DB-4427-A261-910BDC9D0268}"
EndProject
Project("{FAE04EC0-301F-11D3-BF4B-00C04F79EFBC}") = "WebApi.Common", "Common\WebApi.Common.csproj", "{F9D3CBE3-223C-4FF8-ADC4-FF4D2A2B108D}"
EndProject
Global
	GlobalSection(SolutionConfigurationPlatforms) = preSolution
		Debug|Any CPU = Debug|Any CPU
		Release|Any CPU = Release|Any CPU
	EndGlobalSection
	GlobalSection(ProjectConfigurationPlatforms) = postSolution
		{92F7723B-25DC-41A9-B33A-5804885BF2B0}.Debug|Any CPU.ActiveCfg = Debug|Any CPU
		{92F7723B-25DC-41A9-B33A-5804885BF2B0}.Debug|Any CPU.Build.0 = Debug|Any CPU
		{92F7723B-25DC-41A9-B33A-5804885BF2B0}.Release|Any CPU.ActiveCfg = Release|Any CPU
		{92F7723B-25DC-41A9-B33A-5804885BF2B0}.Release|Any CPU.Build.0 = Release|Any CPU
		{3517279F-0ED1-4592-9D18-3989C93EB0E5}.Debug|Any CPU.ActiveCfg = Debug|Any CPU
		{3517279F-0ED1-4592-9D18-3989C93EB0E5}.Debug|Any CPU.Build.0 = Debug|Any CPU
		{3517279F-0ED1-4592-9D18-3989C93EB0E5}.Release|Any CPU.ActiveCfg = Release|Any CPU
		{3517279F-0ED1-4592-9D18-3989C93EB0E5}.Release|Any CPU.Build.0 = Release|Any CPU
		{F8532C28-1FB6-412D-AA53-1022437D045E}.Debug|Any CPU.ActiveCfg = Debug|Any CPU
		{F8532C28-1FB6-412D-AA53-1022437D045E}.Debug|Any CPU.Build.0 = Debug|Any CPU
		{F8532C28-1FB6-412D-AA53-1022437D045E}.Release|Any CPU.ActiveCfg = Release|Any CPU
		{F8532C28-1FB6-412D-AA53-1022437D045E}.Release|Any CPU.Build.0 = Release|Any CPU
		{01A15DED-664E-4E0B-986F-BBE4554C0EC8}.Debug|Any CPU.ActiveCfg = Debug|Any CPU
		{01A15DED-664E-4E0B-986F-BBE4554C0EC8}.Debug|Any CPU.Build.0 = Debug|Any CPU
		{01A15DED-664E-4E0B-986F-BBE4554C0EC8}.Release|Any CPU.ActiveCfg = Release|Any CPU
		{01A15DED-664E-4E0B-986F-BBE4554C0EC8}.Release|Any CPU.Build.0 = Release|Any CPU
		{C801650C-E287-4955-B044-4FCB06646249}.Debug|Any CPU.ActiveCfg = Debug|Any CPU
		{C801650C-E287-4955-B044-4FCB06646249}.Debug|Any CPU.Build.0 = Debug|Any CPU
		{C801650C-E287-4955-B044-4FCB06646249}.Release|Any CPU.ActiveCfg = Release|Any CPU
		{C801650C-E287-4955-B044-4FCB06646249}.Release|Any CPU.Build.0 = Release|Any CPU
		{88A2589B-E4DB-4427-A261-910BDC9D0268}.Debug|Any CPU.ActiveCfg = Debug|Any CPU
		{88A2589B-E4DB-4427-A261-910BDC9D0268}.Debug|Any CPU.Build.0 = Debug|Any CPU
		{88A2589B-E4DB-4427-A261-910BDC9D0268}.Release|Any CPU.ActiveCfg = Release|Any CPU
		{88A2589B-E4DB-4427-A261-910BDC9D0268}.Release|Any CPU.Build.0 = Release|Any CPU
		{F9D3CBE3-223C-4FF8-ADC4-FF4D2A2B108D}.Debug|Any CPU.ActiveCfg = Debug|Any CPU
		{F9D3CBE3-223C-4FF8-ADC4-FF4D2A2B108D}.Debug|Any CPU.Build.0 = Debug|Any CPU
		{F9D3CBE3-223C-4FF8-ADC4-FF4D2A2B108D}.Release|Any CPU.ActiveCfg = Release|Any CPU
		{F9D3CBE3-223C-4FF8-ADC4-FF4D2A2B108D}.Release|Any CPU.Build.0 = Release|Any CPU
	EndGlobalSection
	GlobalSection(SolutionProperties) = preSolution
		HideSolutionNode = FALSE
	EndGlobalSection
EndGlobal
